
Microsoft Visual Studio Solution File, Format Version 12.00
# Visual Studio Version 17
VisualStudioVersion = 17.4.33205.214
MinimumVisualStudioVersion = 10.0.40219.1
Project("{FAE04EC0-301F-11D3-BF4B-00C04F79EFBC}") = "ColoredRectangle", "ColoredRectangle\ColoredRectangle.csproj", "{51DB437B-251C-42F1-99B1-98DDA266C2B2}"
EndProject
Global
	GlobalSection(SolutionConfigurationPlatforms) = preSolution
		Debug|Any CPU = Debug|Any CPU
		Release|Any CPU = Release|Any CPU
	EndGlobalSection
	GlobalSection(ProjectConfigurationPlatforms) = postSolution
		{51DB437B-251C-42F1-99B1-98DDA266C2B2}.Debug|Any CPU.ActiveCfg = Debug|Any CPU
		{51DB437B-251C-42F1-99B1-98DDA266C2B2}.Debug|Any CPU.Build.0 = Debug|Any CPU
		{51DB437B-251C-42F1-99B1-98DDA266C2B2}.Release|Any CPU.ActiveCfg = Release|Any CPU
		{51DB437B-251C-42F1-99B1-98DDA266C2B2}.Release|Any CPU.Build.0 = Release|Any CPU
	EndGlobalSection
	GlobalSection(SolutionProperties) = preSolution
		HideSolutionNode = FALSE
	EndGlobalSection
	GlobalSection(ExtensibilityGlobals) = postSolution
		SolutionGuid = {647ACC85-DCCA-40E6-AE98-65953A9CDA2E}
	EndGlobalSection
EndGlobal
